
Microsoft Visual Studio Solution File, Format Version 12.00
# Visual Studio Version 17
VisualStudioVersion = 17.8.34511.84
MinimumVisualStudioVersion = 10.0.40219.1
Project("{9A19103F-16F7-4668-BE54-9A1E7A4F7556}") = "Disaster_Alleviation_Foundation", "Desaster_Alleviation_Foundation\Disaster_Alleviation_Foundation.csproj", "{243AFFB7-43D7-4DC0-9A20-B4333BF4DEC4}"
EndProject
Global
	GlobalSection(SolutionConfigurationPlatforms) = preSolution
		Debug|Any CPU = Debug|Any CPU
		Release|Any CPU = Release|Any CPU
	EndGlobalSection
	GlobalSection(ProjectConfigurationPlatforms) = postSolution
		{243AFFB7-43D7-4DC0-9A20-B4333BF4DEC4}.Debug|Any CPU.ActiveCfg = Debug|Any CPU
		{243AFFB7-43D7-4DC0-9A20-B4333BF4DEC4}.Debug|Any CPU.Build.0 = Debug|Any CPU
		{243AFFB7-43D7-4DC0-9A20-B4333BF4DEC4}.Release|Any CPU.ActiveCfg = Release|Any CPU
		{243AFFB7-43D7-4DC0-9A20-B4333BF4DEC4}.Release|Any CPU.Build.0 = Release|Any CPU
	EndGlobalSection
	GlobalSection(SolutionProperties) = preSolution
		HideSolutionNode = FALSE
	EndGlobalSection
	GlobalSection(ExtensibilityGlobals) = postSolution
		SolutionGuid = {75CA9171-5C98-4F94-B108-314CE1C1951C}
	EndGlobalSection
EndGlobal
